
Microsoft Visual Studio Solution File, Format Version 12.00
# Visual Studio Version 17
VisualStudioVersion = 17.10.34928.147
MinimumVisualStudioVersion = 10.0.40219.1
Project("{FAE04EC0-301F-11D3-BF4B-00C04F79EFBC}") = "WinFormsApp1", "WinFormsApp1.csproj", "{BA0722F5-F9D9-472E-8BDF-CADF0202A783}"
EndProject
Global
	GlobalSection(SolutionConfigurationPlatforms) = preSolution
		Debug|Any CPU = Debug|Any CPU
		Release|Any CPU = Release|Any CPU
	EndGlobalSection
	GlobalSection(ProjectConfigurationPlatforms) = postSolution
		{BA0722F5-F9D9-472E-8BDF-CADF0202A783}.Debug|Any CPU.ActiveCfg = Debug|Any CPU
		{BA0722F5-F9D9-472E-8BDF-CADF0202A783}.Debug|Any CPU.Build.0 = Debug|Any CPU
		{BA0722F5-F9D9-472E-8BDF-CADF0202A783}.Release|Any CPU.ActiveCfg = Release|Any CPU
		{BA0722F5-F9D9-472E-8BDF-CADF0202A783}.Release|Any CPU.Build.0 = Release|Any CPU
	EndGlobalSection
	GlobalSection(SolutionProperties) = preSolution
		HideSolutionNode = FALSE
	EndGlobalSection
	GlobalSection(ExtensibilityGlobals) = postSolution
		SolutionGuid = {EB226BC7-463B-4741-8E44-1132DD5016CA}
	EndGlobalSection
EndGlobal
